
Microsoft Visual Studio Solution File, Format Version 12.00
# Visual Studio Version 17
VisualStudioVersion = 17.8.34330.188
MinimumVisualStudioVersion = 10.0.40219.1
Project("{FAE04EC0-301F-11D3-BF4B-00C04F79EFBC}") = "CapaPresentacion", "CapaPresentacion\CapaPresentacion.csproj", "{016BA224-D289-4120-9CC5-C6D9A8758B94}"
EndProject
Project("{FAE04EC0-301F-11D3-BF4B-00C04F79EFBC}") = "CapaEntidad", "CapaEntidad\CapaEntidad.csproj", "{F31E1418-158F-45B7-B6FD-2C2DD2AFD13E}"
EndProject
Project("{FAE04EC0-301F-11D3-BF4B-00C04F79EFBC}") = "CapaNegocio", "CapaNegocio\CapaNegocio.csproj", "{16220537-DAE9-4A88-BFB3-F0A21C99B0EA}"
EndProject
Project("{FAE04EC0-301F-11D3-BF4B-00C04F79EFBC}") = "CapaDatos", "CapaDatos\CapaDatos.csproj", "{BF7DE56C-FBD4-43BB-8924-20338B7B7BB5}"
EndProject
Global
	GlobalSection(SolutionConfigurationPlatforms) = preSolution
		Debug|Any CPU = Debug|Any CPU
		Release|Any CPU = Release|Any CPU
	EndGlobalSection
	GlobalSection(ProjectConfigurationPlatforms) = postSolution
		{016BA224-D289-4120-9CC5-C6D9A8758B94}.Debug|Any CPU.ActiveCfg = Debug|Any CPU
		{016BA224-D289-4120-9CC5-C6D9A8758B94}.Debug|Any CPU.Build.0 = Debug|Any CPU
		{016BA224-D289-4120-9CC5-C6D9A8758B94}.Release|Any CPU.ActiveCfg = Release|Any CPU
		{016BA224-D289-4120-9CC5-C6D9A8758B94}.Release|Any CPU.Build.0 = Release|Any CPU
		{F31E1418-158F-45B7-B6FD-2C2DD2AFD13E}.Debug|Any CPU.ActiveCfg = Debug|Any CPU
		{F31E1418-158F-45B7-B6FD-2C2DD2AFD13E}.Debug|Any CPU.Build.0 = Debug|Any CPU
		{F31E1418-158F-45B7-B6FD-2C2DD2AFD13E}.Release|Any CPU.ActiveCfg = Release|Any CPU
		{F31E1418-158F-45B7-B6FD-2C2DD2AFD13E}.Release|Any CPU.Build.0 = Release|Any CPU
		{16220537-DAE9-4A88-BFB3-F0A21C99B0EA}.Debug|Any CPU.ActiveCfg = Debug|Any CPU
		{16220537-DAE9-4A88-BFB3-F0A21C99B0EA}.Debug|Any CPU.Build.0 = Debug|Any CPU
		{16220537-DAE9-4A88-BFB3-F0A21C99B0EA}.Release|Any CPU.ActiveCfg = Release|Any CPU
		{16220537-DAE9-4A88-BFB3-F0A21C99B0EA}.Release|Any CPU.Build.0 = Release|Any CPU
		{BF7DE56C-FBD4-43BB-8924-20338B7B7BB5}.Debug|Any CPU.ActiveCfg = Debug|Any CPU
		{BF7DE56C-FBD4-43BB-8924-20338B7B7BB5}.Debug|Any CPU.Build.0 = Debug|Any CPU
		{BF7DE56C-FBD4-43BB-8924-20338B7B7BB5}.Release|Any CPU.ActiveCfg = Release|Any CPU
		{BF7DE56C-FBD4-43BB-8924-20338B7B7BB5}.Release|Any CPU.Build.0 = Release|Any CPU
	EndGlobalSection
	GlobalSection(SolutionProperties) = preSolution
		HideSolutionNode = FALSE
	EndGlobalSection
	GlobalSection(ExtensibilityGlobals) = postSolution
		SolutionGuid = {84E6F7E6-C15E-4B2D-99C3-4EA238B9CFE7}
	EndGlobalSection
EndGlobal
